
Microsoft Visual Studio Solution File, Format Version 12.00
# Visual Studio Version 16
VisualStudioVersion = 16.0.31911.196
MinimumVisualStudioVersion = 10.0.40219.1
Project("{FAE04EC0-301F-11D3-BF4B-00C04F79EFBC}") = "HomeAppliances", "HomeAppliances\HomeAppliances.csproj", "{74AE725C-CF6D-4D93-8989-4FA5EE26D112}"
EndProject
Global
	GlobalSection(SolutionConfigurationPlatforms) = preSolution
		Debug|Any CPU = Debug|Any CPU
		Release|Any CPU = Release|Any CPU
	EndGlobalSection
	GlobalSection(ProjectConfigurationPlatforms) = postSolution
		{74AE725C-CF6D-4D93-8989-4FA5EE26D112}.Debug|Any CPU.ActiveCfg = Debug|Any CPU
		{74AE725C-CF6D-4D93-8989-4FA5EE26D112}.Debug|Any CPU.Build.0 = Debug|Any CPU
		{74AE725C-CF6D-4D93-8989-4FA5EE26D112}.Release|Any CPU.ActiveCfg = Release|Any CPU
		{74AE725C-CF6D-4D93-8989-4FA5EE26D112}.Release|Any CPU.Build.0 = Release|Any CPU
	EndGlobalSection
	GlobalSection(SolutionProperties) = preSolution
		HideSolutionNode = FALSE
	EndGlobalSection
	GlobalSection(ExtensibilityGlobals) = postSolution
		SolutionGuid = {16981C0B-CD82-4D4E-B135-330E9EAEE69F}
	EndGlobalSection
EndGlobal
